
Microsoft Visual Studio Solution File, Format Version 12.00
# Visual Studio Version 16
VisualStudioVersion = 16.0.30907.101
MinimumVisualStudioVersion = 10.0.40219.1
Project("{FAE04EC0-301F-11D3-BF4B-00C04F79EFBC}") = "Calculadora", "Calculadora\Calculadora.csproj", "{61CA5302-778A-450D-B759-9674D19640E8}"
EndProject
Global
	GlobalSection(SolutionConfigurationPlatforms) = preSolution
		Debug|Any CPU = Debug|Any CPU
		Release|Any CPU = Release|Any CPU
	EndGlobalSection
	GlobalSection(ProjectConfigurationPlatforms) = postSolution
		{61CA5302-778A-450D-B759-9674D19640E8}.Debug|Any CPU.ActiveCfg = Debug|Any CPU
		{61CA5302-778A-450D-B759-9674D19640E8}.Debug|Any CPU.Build.0 = Debug|Any CPU
		{61CA5302-778A-450D-B759-9674D19640E8}.Release|Any CPU.ActiveCfg = Release|Any CPU
		{61CA5302-778A-450D-B759-9674D19640E8}.Release|Any CPU.Build.0 = Release|Any CPU
	EndGlobalSection
	GlobalSection(SolutionProperties) = preSolution
		HideSolutionNode = FALSE
	EndGlobalSection
	GlobalSection(ExtensibilityGlobals) = postSolution
		SolutionGuid = {57644876-BF6A-4387-8EAF-84A12259D072}
	EndGlobalSection
EndGlobal
